<?xml version="1.0" encoding="utf-8"?>
<Project ToolsVersion="4.0" xmlns="http://schemas.microsoft.com/developer/msbuild/2003">
  <ItemGroup>
    <Filter Include="Source Files">
      <UniqueIdentifier>{4FC737F1-C7A5-4376-A066-2A32D752A2FF}</UniqueIdentifier>
      <Extensions>cpp;c;cc;cxx;def;odl;idl;hpj;bat;asm;asmx</Extensions>
    </Filter>
    <Filter Include="Header Files">
      <UniqueIdentifier>{93995380-89BD-4b04-88EB-625FBE52EBFB}</UniqueIdentifier>
      <Extensions>h;hh;hpp;hxx;hm;inl;inc;xsd</Extensions>
    </Filter>
    <Filter Include="Resource Files">
      <UniqueIdentifier>{67DA6AB6-F800-4c08-8B7A-83BB121AAD01}</UniqueIdentifier>
      <Extensions>rc;ico;cur;bmp;dlg;rc2;rct;bin;rgs;gif;jpg;jpeg;jpe;resx;tiff;tif;png;wav;mfcribbon-ms</Extensions>
    </Filter>
    <Filter Include="Packet">
      <UniqueIdentifier>{f34b7cbf-8e72-4746-81f3-b7b41f4d0515}</UniqueIdentifier>
    </Filter>
    <Filter Include="Packet\Auth">
      <UniqueIdentifier>{d2a0b7b7-cd56-4664-8188-4e25629ea463}</UniqueIdentifier>
    </Filter>
    <Filter Include="Packet\Char">
      <UniqueIdentifier>{ea9a6a4a-cb7f-4288-9627-35d06793d650}</UniqueIdentifier>
    </Filter>
  </ItemGroup>
  <ItemGroup>
    <Text Include="ReadMe.txt" />
  </ItemGroup>
  <ItemGroup>
    <ClInclude Include="Source\Header\Listener.h">
      <Filter>Header Files</Filter>
    </ClInclude>
    <ClInclude Include="Source\Header\Socket.h">
      <Filter>Header Files</Filter>
    </ClInclude>
    <ClInclude Include="Source\Header\NetworkThread.h">
      <Filter>Header Files</Filter>
    </ClInclude>
    <ClInclude Include="Source\Header\PacketBuffer.h">
      <Filter>Header Files</Filter>
    </ClInclude>
    <ClInclude Include="Source\Header\Packet.h">
      <Filter>Header Files</Filter>
    </ClInclude>
    <ClInclude Include="Source\Header\Packet\Auth\PacketAU.h">
      <Filter>Packet\Auth</Filter>
    </ClInclude>
    <ClInclude Include="Source\Header\Packet\Char\PacketUC.h">
      <Filter>Packet\Char</Filter>
    </ClInclude>
    <ClInclude Include="Source\Header\Packet\Char\PacketCU.h">
      <Filter>Packet\Char</Filter>
    </ClInclude>
  </ItemGroup>
  <ItemGroup>
    <ClCompile Include="Source\CPP\Listener.cpp">
      <Filter>Source Files</Filter>
    </ClCompile>
    <ClCompile Include="Source\CPP\Socket.cpp">
      <Filter>Source Files</Filter>
    </ClCompile>
    <ClCompile Include="Source\CPP\PacketBuffer.cpp">
      <Filter>Source Files</Filter>
    </ClCompile>
    <ClCompile Include="Source\CPP\Packet.cpp">
      <Filter>Source Files</Filter>
    </ClCompile>
  </ItemGroup>
  <ItemGroup>
    <None Include="packages.config" />
  </ItemGroup>
</Project>